
Microsoft Visual Studio Solution File, Format Version 12.00
# Visual Studio Version 16
VisualStudioVersion = 16.0.29215.179
MinimumVisualStudioVersion = 10.0.40219.1
Project("{FAE04EC0-301F-11D3-BF4B-00C04F79EFBC}") = "Tracker", "Tracker\Tracker.csproj", "{EBD84129-6894-4FD4-8B82-362BD3E4DA90}"
EndProject
Global
	GlobalSection(SolutionConfigurationPlatforms) = preSolution
		Debug|Any CPU = Debug|Any CPU
		Release|Any CPU = Release|Any CPU
	EndGlobalSection
	GlobalSection(ProjectConfigurationPlatforms) = postSolution
		{EBD84129-6894-4FD4-8B82-362BD3E4DA90}.Debug|Any CPU.ActiveCfg = Debug|Any CPU
		{EBD84129-6894-4FD4-8B82-362BD3E4DA90}.Debug|Any CPU.Build.0 = Debug|Any CPU
		{EBD84129-6894-4FD4-8B82-362BD3E4DA90}.Release|Any CPU.ActiveCfg = Release|Any CPU
		{EBD84129-6894-4FD4-8B82-362BD3E4DA90}.Release|Any CPU.Build.0 = Release|Any CPU
	EndGlobalSection
	GlobalSection(SolutionProperties) = preSolution
		HideSolutionNode = FALSE
	EndGlobalSection
	GlobalSection(ExtensibilityGlobals) = postSolution
		SolutionGuid = {71E22D62-59E6-4AC2-9C43-FE4C1E6FD1EA}
	EndGlobalSection
EndGlobal
